
Microsoft Visual Studio Solution File, Format Version 12.00
# Visual Studio Version 17
VisualStudioVersion = 17.6.33815.320
MinimumVisualStudioVersion = 10.0.40219.1
Project("{FAE04EC0-301F-11D3-BF4B-00C04F79EFBC}") = "Presentacion", "Presentacion\Presentacion.csproj", "{09E33720-E899-4A6C-9911-46877A826C79}"
EndProject
Project("{FAE04EC0-301F-11D3-BF4B-00C04F79EFBC}") = "dominio", "dominio\dominio.csproj", "{305503E9-279A-4EAF-AC69-456DDDFF904E}"
EndProject
Project("{FAE04EC0-301F-11D3-BF4B-00C04F79EFBC}") = "Negocio", "Negocio\Negocio.csproj", "{FAD2289C-DA99-4A58-BDB4-C808A7F21981}"
EndProject
Global
	GlobalSection(SolutionConfigurationPlatforms) = preSolution
		Debug|Any CPU = Debug|Any CPU
		Release|Any CPU = Release|Any CPU
	EndGlobalSection
	GlobalSection(ProjectConfigurationPlatforms) = postSolution
		{09E33720-E899-4A6C-9911-46877A826C79}.Debug|Any CPU.ActiveCfg = Debug|Any CPU
		{09E33720-E899-4A6C-9911-46877A826C79}.Debug|Any CPU.Build.0 = Debug|Any CPU
		{09E33720-E899-4A6C-9911-46877A826C79}.Release|Any CPU.ActiveCfg = Release|Any CPU
		{09E33720-E899-4A6C-9911-46877A826C79}.Release|Any CPU.Build.0 = Release|Any CPU
		{305503E9-279A-4EAF-AC69-456DDDFF904E}.Debug|Any CPU.ActiveCfg = Debug|Any CPU
		{305503E9-279A-4EAF-AC69-456DDDFF904E}.Debug|Any CPU.Build.0 = Debug|Any CPU
		{305503E9-279A-4EAF-AC69-456DDDFF904E}.Release|Any CPU.ActiveCfg = Release|Any CPU
		{305503E9-279A-4EAF-AC69-456DDDFF904E}.Release|Any CPU.Build.0 = Release|Any CPU
		{FAD2289C-DA99-4A58-BDB4-C808A7F21981}.Debug|Any CPU.ActiveCfg = Debug|Any CPU
		{FAD2289C-DA99-4A58-BDB4-C808A7F21981}.Debug|Any CPU.Build.0 = Debug|Any CPU
		{FAD2289C-DA99-4A58-BDB4-C808A7F21981}.Release|Any CPU.ActiveCfg = Release|Any CPU
		{FAD2289C-DA99-4A58-BDB4-C808A7F21981}.Release|Any CPU.Build.0 = Release|Any CPU
	EndGlobalSection
	GlobalSection(SolutionProperties) = preSolution
		HideSolutionNode = FALSE
	EndGlobalSection
	GlobalSection(ExtensibilityGlobals) = postSolution
		SolutionGuid = {C5BDC04E-5A34-41DB-825E-507A51F341B6}
	EndGlobalSection
EndGlobal
